
Microsoft Visual Studio Solution File, Format Version 12.00
# Visual Studio Version 18
VisualStudioVersion = 18.2.11415.280
MinimumVisualStudioVersion = 10.0.40219.1
Project("{FAE04EC0-301F-11D3-BF4B-00C04F79EFBC}") = "Server", "Server\Server.csproj", "{F3EE6B2D-0B19-306C-2C68-AB272C4E49C6}"
EndProject
Project("{E24C65DC-7377-472B-9ABA-BC803B73C61A}") = "Client", "Client\", "{91B54CEF-B616-5BC9-59CB-D2F98588AFBA}"
	ProjectSection(WebsiteProperties) = preProject
		TargetFrameworkMoniker = ".NETFramework,Version%3Dv4.8"
		Debug.AspNetCompiler.VirtualPath = "/localhost_56092"
		Debug.AspNetCompiler.PhysicalPath = "Client\"
		Debug.AspNetCompiler.TargetPath = "PrecompiledWeb\localhost_56092\"
		Debug.AspNetCompiler.Updateable = "true"
		Debug.AspNetCompiler.ForceOverwrite = "true"
		Debug.AspNetCompiler.FixedNames = "false"
		Debug.AspNetCompiler.Debug = "True"
		Release.AspNetCompiler.VirtualPath = "/localhost_56092"
		Release.AspNetCompiler.PhysicalPath = "Client\"
		Release.AspNetCompiler.TargetPath = "PrecompiledWeb\localhost_56092\"
		Release.AspNetCompiler.Updateable = "true"
		Release.AspNetCompiler.ForceOverwrite = "true"
		Release.AspNetCompiler.FixedNames = "false"
		Release.AspNetCompiler.Debug = "False"
		VWDPort = "56092"
		SlnRelativePath = "Client\"
	EndProjectSection
EndProject
Global
	GlobalSection(SolutionConfigurationPlatforms) = preSolution
		Debug|Any CPU = Debug|Any CPU
		Release|Any CPU = Release|Any CPU
	EndGlobalSection
	GlobalSection(ProjectConfigurationPlatforms) = postSolution
		{F3EE6B2D-0B19-306C-2C68-AB272C4E49C6}.Debug|Any CPU.ActiveCfg = Debug|Any CPU
		{F3EE6B2D-0B19-306C-2C68-AB272C4E49C6}.Debug|Any CPU.Build.0 = Debug|Any CPU
		{F3EE6B2D-0B19-306C-2C68-AB272C4E49C6}.Release|Any CPU.ActiveCfg = Release|Any CPU
		{F3EE6B2D-0B19-306C-2C68-AB272C4E49C6}.Release|Any CPU.Build.0 = Release|Any CPU
		{91B54CEF-B616-5BC9-59CB-D2F98588AFBA}.Debug|Any CPU.ActiveCfg = Debug|Any CPU
		{91B54CEF-B616-5BC9-59CB-D2F98588AFBA}.Debug|Any CPU.Build.0 = Debug|Any CPU
		{91B54CEF-B616-5BC9-59CB-D2F98588AFBA}.Release|Any CPU.ActiveCfg = Debug|Any CPU
		{91B54CEF-B616-5BC9-59CB-D2F98588AFBA}.Release|Any CPU.Build.0 = Debug|Any CPU
	EndGlobalSection
	GlobalSection(SolutionProperties) = preSolution
		HideSolutionNode = FALSE
	EndGlobalSection
	GlobalSection(ExtensibilityGlobals) = postSolution
		SolutionGuid = {8991682D-9322-465E-A379-6ECD6872ADD2}
	EndGlobalSection
EndGlobal
